// !$*UTF8*$!
{
	archiveVersion = 1;
	classes = {
	};
	objectVersion = 48;
	objects = {

/* Begin PBXBuildFile section */
		B812B9BE218AAA5300D3E6F8 /* MDProtocolImplementation.m in Sources */ = {isa = PBXBuildFile; fileRef = B812B9BD218AAA5300D3E6F8 /* MDProtocolImplementation.m */; };
		D056E2A621B525080088F6BB /* NSInvocation+Block.m in Sources */ = {isa = PBXBuildFile; fileRef = D056E2A021B525070088F6BB /* NSInvocation+Block.m */; };
		D056E2A721B525080088F6BB /* MDAspects.m in Sources */ = {isa = PBXBuildFile; fileRef = D056E2A121B525070088F6BB /* MDAspects.m */; };
		D056E2A821B525080088F6BB /* NSObject+Aspects.m in Sources */ = {isa = PBXBuildFile; fileRef = D056E2A221B525070088F6BB /* NSObject+Aspects.m */; };
		D056E2AB21B526200088F6BB /* TMDProtocolImplementation.m in Sources */ = {isa = PBXBuildFile; fileRef = D056E2AA21B526200088F6BB /* TMDProtocolImplementation.m */; };
		D056E2AE21B526450088F6BB /* TMDProtocolImplementation_protocol.m in Sources */ = {isa = PBXBuildFile; fileRef = D056E2AD21B526450088F6BB /* TMDProtocolImplementation_protocol.m */; };
		D056E2B221B528F70088F6BB /* TMDAspects.m in Sources */ = {isa = PBXBuildFile; fileRef = D056E2B121B528F70088F6BB /* TMDAspects.m */; };
		D056E2B521B529B00088F6BB /* TMDAspects_testObject.m in Sources */ = {isa = PBXBuildFile; fileRef = D056E2B421B529B00088F6BB /* TMDAspects_testObject.m */; };
		D056E2BB21B52E350088F6BB /* MDModuleManager.m in Sources */ = {isa = PBXBuildFile; fileRef = D056E2B721B52E350088F6BB /* MDModuleManager.m */; };
		D056E2BC21B52E350088F6BB /* UIViewController+ModuleManager.m in Sources */ = {isa = PBXBuildFile; fileRef = D056E2B821B52E350088F6BB /* UIViewController+ModuleManager.m */; };
		D056E2CD21B52F860088F6BB /* DemoAppDelegate.m in Sources */ = {isa = PBXBuildFile; fileRef = D056E2C221B52F860088F6BB /* DemoAppDelegate.m */; };
		D056E2CE21B52F860088F6BB /* DemoModuleManager.m in Sources */ = {isa = PBXBuildFile; fileRef = D056E2C321B52F860088F6BB /* DemoModuleManager.m */; };
		D056E2CF21B52F860088F6BB /* DemoViewController.m in Sources */ = {isa = PBXBuildFile; fileRef = D056E2C621B52F860088F6BB /* DemoViewController.m */; };
		D056E2D021B52F860088F6BB /* DemoView.m in Sources */ = {isa = PBXBuildFile; fileRef = D056E2C721B52F860088F6BB /* DemoView.m */; };
		D056E2DB21B535A10088F6BB /* MDModuleManager.m in Sources */ = {isa = PBXBuildFile; fileRef = D056E2B721B52E350088F6BB /* MDModuleManager.m */; };
		D056E2DC21B535A10088F6BB /* UIViewController+ModuleManager.m in Sources */ = {isa = PBXBuildFile; fileRef = D056E2B821B52E350088F6BB /* UIViewController+ModuleManager.m */; };
		D056E2E021B633130088F6BB /* DemoAppDelegate_image.m in Sources */ = {isa = PBXBuildFile; fileRef = D056E2DE21B633130088F6BB /* DemoAppDelegate_image.m */; };
		D056E2E421B64E4D0088F6BB /* MDMMImageHomeViewController.m in Sources */ = {isa = PBXBuildFile; fileRef = D056E2E321B64E4D0088F6BB /* MDMMImageHomeViewController.m */; };
		D056E2E721B64E820088F6BB /* MDMMImageModuleManager.m in Sources */ = {isa = PBXBuildFile; fileRef = D056E2E621B64E820088F6BB /* MDMMImageModuleManager.m */; };
		D056E2EE21B653AE0088F6BB /* MDMMImageCutViewController.m in Sources */ = {isa = PBXBuildFile; fileRef = D056E2ED21B653AE0088F6BB /* MDMMImageCutViewController.m */; };
		D056E2F121B656850088F6BB /* MDMMImageProcess1.m in Sources */ = {isa = PBXBuildFile; fileRef = D056E2F021B656850088F6BB /* MDMMImageProcess1.m */; };
		D0DBC0E51F8B80CF0035BFA0 /* Assets.xcassets in Resources */ = {isa = PBXBuildFile; fileRef = D0DBC0E41F8B80CF0035BFA0 /* Assets.xcassets */; };
		D0DBC0E81F8B80CF0035BFA0 /* LaunchScreen.storyboard in Resources */ = {isa = PBXBuildFile; fileRef = D0DBC0E61F8B80CF0035BFA0 /* LaunchScreen.storyboard */; };
		D0DBC0EB1F8B80CF0035BFA0 /* main.m in Sources */ = {isa = PBXBuildFile; fileRef = D0DBC0EA1F8B80CF0035BFA0 /* main.m */; };
		D0DBC1061F8B80F40035BFA0 /* TMDTask.m in Sources */ = {isa = PBXBuildFile; fileRef = D0DBC1001F8B80F40035BFA0 /* TMDTask.m */; };
		D0DBC1071F8B80F40035BFA0 /* TMDTaskCancel.m in Sources */ = {isa = PBXBuildFile; fileRef = D0DBC1011F8B80F40035BFA0 /* TMDTaskCancel.m */; };
		D0DBC1081F8B80F40035BFA0 /* TMDTaskRetry.m in Sources */ = {isa = PBXBuildFile; fileRef = D0DBC1021F8B80F40035BFA0 /* TMDTaskRetry.m */; };
		D0DBC1091F8B80F40035BFA0 /* TMDTasks.m in Sources */ = {isa = PBXBuildFile; fileRef = D0DBC1031F8B80F40035BFA0 /* TMDTasks.m */; };
		D0DBC10A1F8B80F40035BFA0 /* TMDListener.m in Sources */ = {isa = PBXBuildFile; fileRef = D0DBC1051F8B80F40035BFA0 /* TMDListener.m */; };
		D0DBC1191F8B80FB0035BFA0 /* MDListener.m in Sources */ = {isa = PBXBuildFile; fileRef = D0DBC10E1F8B80FB0035BFA0 /* MDListener.m */; };
		D0DBC11A1F8B80FB0035BFA0 /* MDTask.m in Sources */ = {isa = PBXBuildFile; fileRef = D0DBC1111F8B80FB0035BFA0 /* MDTask.m */; };
		D0DBC11B1F8B80FB0035BFA0 /* NSArray+MDTask.m in Sources */ = {isa = PBXBuildFile; fileRef = D0DBC1141F8B80FB0035BFA0 /* NSArray+MDTask.m */; };
		D0DBC11C1F8B80FB0035BFA0 /* NSDictionary+MDTask.m in Sources */ = {isa = PBXBuildFile; fileRef = D0DBC1161F8B80FB0035BFA0 /* NSDictionary+MDTask.m */; };
		D0DBC11D1F8B80FB0035BFA0 /* NSSet+MDTask.m in Sources */ = {isa = PBXBuildFile; fileRef = D0DBC1181F8B80FB0035BFA0 /* NSSet+MDTask.m */; };
/* End PBXBuildFile section */

/* Begin PBXContainerItemProxy section */
		D0DBC0F11F8B80CF0035BFA0 /* PBXContainerItemProxy */ = {
			isa = PBXContainerItemProxy;
			containerPortal = D0DBC0D01F8B80CF0035BFA0 /* Project object */;
			proxyType = 1;
			remoteGlobalIDString = D0DBC0D71F8B80CF0035BFA0;
			remoteInfo = MDToolsDemo;
		};
/* End PBXContainerItemProxy section */

/* Begin PBXFileReference section */
		B812B9BD218AAA5300D3E6F8 /* MDProtocolImplementation.m */ = {isa = PBXFileReference; fileEncoding = 4; lastKnownFileType = sourcecode.c.objc; path = MDProtocolImplementation.m; sourceTree = "<group>"; };
		D056E2A021B525070088F6BB /* NSInvocation+Block.m */ = {isa = PBXFileReference; fileEncoding = 4; lastKnownFileType = sourcecode.c.objc; path = "NSInvocation+Block.m"; sourceTree = "<group>"; };
		D056E2A121B525070088F6BB /* MDAspects.m */ = {isa = PBXFileReference; fileEncoding = 4; lastKnownFileType = sourcecode.c.objc; path = MDAspects.m; sourceTree = "<group>"; };
		D056E2A221B525070088F6BB /* NSObject+Aspects.m */ = {isa = PBXFileReference; fileEncoding = 4; lastKnownFileType = sourcecode.c.objc; path = "NSObject+Aspects.m"; sourceTree = "<group>"; };
		D056E2A321B525070088F6BB /* NSInvocation+Block.h */ = {isa = PBXFileReference; fileEncoding = 4; lastKnownFileType = sourcecode.c.h; path = "NSInvocation+Block.h"; sourceTree = "<group>"; };
		D056E2A421B525070088F6BB /* MDAspects.h */ = {isa = PBXFileReference; fileEncoding = 4; lastKnownFileType = sourcecode.c.h; path = MDAspects.h; sourceTree = "<group>"; };
		D056E2A521B525070088F6BB /* NSObject+Aspects.h */ = {isa = PBXFileReference; fileEncoding = 4; lastKnownFileType = sourcecode.c.h; path = "NSObject+Aspects.h"; sourceTree = "<group>"; };
		D056E2AA21B526200088F6BB /* TMDProtocolImplementation.m */ = {isa = PBXFileReference; lastKnownFileType = sourcecode.c.objc; path = TMDProtocolImplementation.m; sourceTree = "<group>"; };
		D056E2AC21B526450088F6BB /* TMDProtocolImplementation_protocol.h */ = {isa = PBXFileReference; lastKnownFileType = sourcecode.c.h; path = TMDProtocolImplementation_protocol.h; sourceTree = "<group>"; };
		D056E2AD21B526450088F6BB /* TMDProtocolImplementation_protocol.m */ = {isa = PBXFileReference; lastKnownFileType = sourcecode.c.objc; path = TMDProtocolImplementation_protocol.m; sourceTree = "<group>"; };
		D056E2AF21B5268C0088F6BB /* MDProtocolImplementation.h */ = {isa = PBXFileReference; fileEncoding = 4; lastKnownFileType = sourcecode.c.h; path = MDProtocolImplementation.h; sourceTree = "<group>"; };
		D056E2B121B528F70088F6BB /* TMDAspects.m */ = {isa = PBXFileReference; lastKnownFileType = sourcecode.c.objc; path = TMDAspects.m; sourceTree = "<group>"; };
		D056E2B321B529B00088F6BB /* TMDAspects_testObject.h */ = {isa = PBXFileReference; lastKnownFileType = sourcecode.c.h; path = TMDAspects_testObject.h; sourceTree = "<group>"; };
		D056E2B421B529B00088F6BB /* TMDAspects_testObject.m */ = {isa = PBXFileReference; lastKnownFileType = sourcecode.c.objc; path = TMDAspects_testObject.m; sourceTree = "<group>"; };
		D056E2B721B52E350088F6BB /* MDModuleManager.m */ = {isa = PBXFileReference; fileEncoding = 4; lastKnownFileType = sourcecode.c.objc; path = MDModuleManager.m; sourceTree = "<group>"; };
		D056E2B821B52E350088F6BB /* UIViewController+ModuleManager.m */ = {isa = PBXFileReference; fileEncoding = 4; lastKnownFileType = sourcecode.c.objc; path = "UIViewController+ModuleManager.m"; sourceTree = "<group>"; };
		D056E2B921B52E350088F6BB /* MDModuleManager.h */ = {isa = PBXFileReference; fileEncoding = 4; lastKnownFileType = sourcecode.c.h; path = MDModuleManager.h; sourceTree = "<group>"; };
		D056E2BA21B52E350088F6BB /* UIViewController+ModuleManager.h */ = {isa = PBXFileReference; fileEncoding = 4; lastKnownFileType = sourcecode.c.h; path = "UIViewController+ModuleManager.h"; sourceTree = "<group>"; };
		D056E2C121B52F860088F6BB /* DemoAppDelegate.h */ = {isa = PBXFileReference; fileEncoding = 4; lastKnownFileType = sourcecode.c.h; path = DemoAppDelegate.h; sourceTree = "<group>"; };
		D056E2C221B52F860088F6BB /* DemoAppDelegate.m */ = {isa = PBXFileReference; fileEncoding = 4; lastKnownFileType = sourcecode.c.objc; path = DemoAppDelegate.m; sourceTree = "<group>"; };
		D056E2C321B52F860088F6BB /* DemoModuleManager.m */ = {isa = PBXFileReference; fileEncoding = 4; lastKnownFileType = sourcecode.c.objc; path = DemoModuleManager.m; sourceTree = "<group>"; };
		D056E2C421B52F860088F6BB /* DemoView.h */ = {isa = PBXFileReference; fileEncoding = 4; lastKnownFileType = sourcecode.c.h; path = DemoView.h; sourceTree = "<group>"; };
		D056E2C621B52F860088F6BB /* DemoViewController.m */ = {isa = PBXFileReference; fileEncoding = 4; lastKnownFileType = sourcecode.c.objc; path = DemoViewController.m; sourceTree = "<group>"; };
		D056E2C721B52F860088F6BB /* DemoView.m */ = {isa = PBXFileReference; fileEncoding = 4; lastKnownFileType = sourcecode.c.objc; path = DemoView.m; sourceTree = "<group>"; };
		D056E2C921B52F860088F6BB /* DemoModuleManager.h */ = {isa = PBXFileReference; fileEncoding = 4; lastKnownFileType = sourcecode.c.h; path = DemoModuleManager.h; sourceTree = "<group>"; };
		D056E2CA21B52F860088F6BB /* DemoViewController.h */ = {isa = PBXFileReference; fileEncoding = 4; lastKnownFileType = sourcecode.c.h; path = DemoViewController.h; sourceTree = "<group>"; };
		D056E2DE21B633130088F6BB /* DemoAppDelegate_image.m */ = {isa = PBXFileReference; fileEncoding = 4; lastKnownFileType = sourcecode.c.objc; path = DemoAppDelegate_image.m; sourceTree = "<group>"; };
		D056E2DF21B633130088F6BB /* DemoAppDelegate_image.h */ = {isa = PBXFileReference; fileEncoding = 4; lastKnownFileType = sourcecode.c.h; path = DemoAppDelegate_image.h; sourceTree = "<group>"; };
		D056E2E221B64E4D0088F6BB /* MDMMImageHomeViewController.h */ = {isa = PBXFileReference; lastKnownFileType = sourcecode.c.h; path = MDMMImageHomeViewController.h; sourceTree = "<group>"; };
		D056E2E321B64E4D0088F6BB /* MDMMImageHomeViewController.m */ = {isa = PBXFileReference; lastKnownFileType = sourcecode.c.objc; path = MDMMImageHomeViewController.m; sourceTree = "<group>"; };
		D056E2E521B64E820088F6BB /* MDMMImageModuleManager.h */ = {isa = PBXFileReference; lastKnownFileType = sourcecode.c.h; path = MDMMImageModuleManager.h; sourceTree = "<group>"; };
		D056E2E621B64E820088F6BB /* MDMMImageModuleManager.m */ = {isa = PBXFileReference; lastKnownFileType = sourcecode.c.objc; path = MDMMImageModuleManager.m; sourceTree = "<group>"; };
		D056E2EC21B653AE0088F6BB /* MDMMImageCutViewController.h */ = {isa = PBXFileReference; lastKnownFileType = sourcecode.c.h; path = MDMMImageCutViewController.h; sourceTree = "<group>"; };
		D056E2ED21B653AE0088F6BB /* MDMMImageCutViewController.m */ = {isa = PBXFileReference; lastKnownFileType = sourcecode.c.objc; path = MDMMImageCutViewController.m; sourceTree = "<group>"; };
		D056E2EF21B656850088F6BB /* MDMMImageProcess1.h */ = {isa = PBXFileReference; lastKnownFileType = sourcecode.c.h; path = MDMMImageProcess1.h; sourceTree = "<group>"; };
		D056E2F021B656850088F6BB /* MDMMImageProcess1.m */ = {isa = PBXFileReference; lastKnownFileType = sourcecode.c.objc; path = MDMMImageProcess1.m; sourceTree = "<group>"; };
		D0DBC0D81F8B80CF0035BFA0 /* MDToolsDemo.app */ = {isa = PBXFileReference; explicitFileType = wrapper.application; includeInIndex = 0; path = MDToolsDemo.app; sourceTree = BUILT_PRODUCTS_DIR; };
		D0DBC0E41F8B80CF0035BFA0 /* Assets.xcassets */ = {isa = PBXFileReference; lastKnownFileType = folder.assetcatalog; path = Assets.xcassets; sourceTree = "<group>"; };
		D0DBC0E71F8B80CF0035BFA0 /* Base */ = {isa = PBXFileReference; lastKnownFileType = file.storyboard; name = Base; path = Base.lproj/LaunchScreen.storyboard; sourceTree = "<group>"; };
		D0DBC0E91F8B80CF0035BFA0 /* Info.plist */ = {isa = PBXFileReference; lastKnownFileType = text.plist.xml; path = Info.plist; sourceTree = "<group>"; };
		D0DBC0EA1F8B80CF0035BFA0 /* main.m */ = {isa = PBXFileReference; lastKnownFileType = sourcecode.c.objc; path = main.m; sourceTree = "<group>"; };
		D0DBC0F01F8B80CF0035BFA0 /* MDToolsDemoTests.xctest */ = {isa = PBXFileReference; explicitFileType = wrapper.cfbundle; includeInIndex = 0; path = MDToolsDemoTests.xctest; sourceTree = BUILT_PRODUCTS_DIR; };
		D0DBC0F61F8B80CF0035BFA0 /* Info.plist */ = {isa = PBXFileReference; lastKnownFileType = text.plist.xml; path = Info.plist; sourceTree = "<group>"; };
		D0DBC1001F8B80F40035BFA0 /* TMDTask.m */ = {isa = PBXFileReference; fileEncoding = 4; lastKnownFileType = sourcecode.c.objc; path = TMDTask.m; sourceTree = "<group>"; };
		D0DBC1011F8B80F40035BFA0 /* TMDTaskCancel.m */ = {isa = PBXFileReference; fileEncoding = 4; lastKnownFileType = sourcecode.c.objc; path = TMDTaskCancel.m; sourceTree = "<group>"; };
		D0DBC1021F8B80F40035BFA0 /* TMDTaskRetry.m */ = {isa = PBXFileReference; fileEncoding = 4; lastKnownFileType = sourcecode.c.objc; path = TMDTaskRetry.m; sourceTree = "<group>"; };
		D0DBC1031F8B80F40035BFA0 /* TMDTasks.m */ = {isa = PBXFileReference; fileEncoding = 4; lastKnownFileType = sourcecode.c.objc; path = TMDTasks.m; sourceTree = "<group>"; };
		D0DBC1051F8B80F40035BFA0 /* TMDListener.m */ = {isa = PBXFileReference; fileEncoding = 4; lastKnownFileType = sourcecode.c.objc; path = TMDListener.m; sourceTree = "<group>"; };
		D0DBC10D1F8B80FB0035BFA0 /* MDListener.h */ = {isa = PBXFileReference; fileEncoding = 4; lastKnownFileType = sourcecode.c.h; path = MDListener.h; sourceTree = "<group>"; };
		D0DBC10E1F8B80FB0035BFA0 /* MDListener.m */ = {isa = PBXFileReference; fileEncoding = 4; lastKnownFileType = sourcecode.c.objc; path = MDListener.m; sourceTree = "<group>"; };
		D0DBC1101F8B80FB0035BFA0 /* MDTask.h */ = {isa = PBXFileReference; fileEncoding = 4; lastKnownFileType = sourcecode.c.h; path = MDTask.h; sourceTree = "<group>"; };
		D0DBC1111F8B80FB0035BFA0 /* MDTask.m */ = {isa = PBXFileReference; fileEncoding = 4; lastKnownFileType = sourcecode.c.objc; path = MDTask.m; sourceTree = "<group>"; };
		D0DBC1121F8B80FB0035BFA0 /* MDTasks.h */ = {isa = PBXFileReference; fileEncoding = 4; lastKnownFileType = sourcecode.c.h; path = MDTasks.h; sourceTree = "<group>"; };
		D0DBC1131F8B80FB0035BFA0 /* NSArray+MDTask.h */ = {isa = PBXFileReference; fileEncoding = 4; lastKnownFileType = sourcecode.c.h; path = "NSArray+MDTask.h"; sourceTree = "<group>"; };
		D0DBC1141F8B80FB0035BFA0 /* NSArray+MDTask.m */ = {isa = PBXFileReference; fileEncoding = 4; lastKnownFileType = sourcecode.c.objc; path = "NSArray+MDTask.m"; sourceTree = "<group>"; };
		D0DBC1151F8B80FB0035BFA0 /* NSDictionary+MDTask.h */ = {isa = PBXFileReference; fileEncoding = 4; lastKnownFileType = sourcecode.c.h; path = "NSDictionary+MDTask.h"; sourceTree = "<group>"; };
		D0DBC1161F8B80FB0035BFA0 /* NSDictionary+MDTask.m */ = {isa = PBXFileReference; fileEncoding = 4; lastKnownFileType = sourcecode.c.objc; path = "NSDictionary+MDTask.m"; sourceTree = "<group>"; };
		D0DBC1171F8B80FB0035BFA0 /* NSSet+MDTask.h */ = {isa = PBXFileReference; fileEncoding = 4; lastKnownFileType = sourcecode.c.h; path = "NSSet+MDTask.h"; sourceTree = "<group>"; };
		D0DBC1181F8B80FB0035BFA0 /* NSSet+MDTask.m */ = {isa = PBXFileReference; fileEncoding = 4; lastKnownFileType = sourcecode.c.objc; path = "NSSet+MDTask.m"; sourceTree = "<group>"; };
/* End PBXFileReference section */

/* Begin PBXFrameworksBuildPhase section */
		D0DBC0D51F8B80CF0035BFA0 /* Frameworks */ = {
			isa = PBXFrameworksBuildPhase;
			buildActionMask = 2147483647;
			files = (
			);
			runOnlyForDeploymentPostprocessing = 0;
		};
		D0DBC0ED1F8B80CF0035BFA0 /* Frameworks */ = {
			isa = PBXFrameworksBuildPhase;
			buildActionMask = 2147483647;
			files = (
			);
			runOnlyForDeploymentPostprocessing = 0;
		};
/* End PBXFrameworksBuildPhase section */

/* Begin PBXGroup section */
		B84E041E218AAC730092FD1C /* MDProtocolImplementation */ = {
			isa = PBXGroup;
			children = (
				D056E2AF21B5268C0088F6BB /* MDProtocolImplementation.h */,
				B812B9BD218AAA5300D3E6F8 /* MDProtocolImplementation.m */,
			);
			path = MDProtocolImplementation;
			sourceTree = "<group>";
		};
		BBDD56C7655F5B536BE00A6F /* Frameworks */ = {
			isa = PBXGroup;
			children = (
			);
			name = Frameworks;
			sourceTree = "<group>";
		};
		D056E29F21B525070088F6BB /* MDAspects */ = {
			isa = PBXGroup;
			children = (
				D056E2A321B525070088F6BB /* NSInvocation+Block.h */,
				D056E2A021B525070088F6BB /* NSInvocation+Block.m */,
				D056E2A421B525070088F6BB /* MDAspects.h */,
				D056E2A121B525070088F6BB /* MDAspects.m */,
				D056E2A521B525070088F6BB /* NSObject+Aspects.h */,
				D056E2A221B525070088F6BB /* NSObject+Aspects.m */,
			);
			path = MDAspects;
			sourceTree = "<group>";
		};
		D056E2A921B525E50088F6BB /* MDProtocolImplementation */ = {
			isa = PBXGroup;
			children = (
				D056E2AA21B526200088F6BB /* TMDProtocolImplementation.m */,
				D056E2AC21B526450088F6BB /* TMDProtocolImplementation_protocol.h */,
				D056E2AD21B526450088F6BB /* TMDProtocolImplementation_protocol.m */,
			);
			path = MDProtocolImplementation;
			sourceTree = "<group>";
		};
		D056E2B021B528E10088F6BB /* MDAspects */ = {
			isa = PBXGroup;
			children = (
				D056E2B121B528F70088F6BB /* TMDAspects.m */,
				D056E2B321B529B00088F6BB /* TMDAspects_testObject.h */,
				D056E2B421B529B00088F6BB /* TMDAspects_testObject.m */,
			);
			path = MDAspects;
			sourceTree = "<group>";
		};
		D056E2B621B52E350088F6BB /* MDModuleManager */ = {
			isa = PBXGroup;
			children = (
				D056E2B921B52E350088F6BB /* MDModuleManager.h */,
				D056E2B721B52E350088F6BB /* MDModuleManager.m */,
				D056E2BA21B52E350088F6BB /* UIViewController+ModuleManager.h */,
				D056E2B821B52E350088F6BB /* UIViewController+ModuleManager.m */,
			);
			path = MDModuleManager;
			sourceTree = "<group>";
		};
		D056E2C021B52F670088F6BB /* MDModuleManagerDemo */ = {
			isa = PBXGroup;
			children = (
				D056E2C121B52F860088F6BB /* DemoAppDelegate.h */,
				D056E2C221B52F860088F6BB /* DemoAppDelegate.m */,
				D056E2C921B52F860088F6BB /* DemoModuleManager.h */,
				D056E2C321B52F860088F6BB /* DemoModuleManager.m */,
				D056E2C421B52F860088F6BB /* DemoView.h */,
				D056E2C721B52F860088F6BB /* DemoView.m */,
				D056E2CA21B52F860088F6BB /* DemoViewController.h */,
				D056E2C621B52F860088F6BB /* DemoViewController.m */,
			);
			path = MDModuleManagerDemo;
			sourceTree = "<group>";
		};
		D056E2DD21B632350088F6BB /* MDModuleManagerDemo_image */ = {
			isa = PBXGroup;
			children = (
				D056E2E121B64BF30088F6BB /* ViewControllers */,
				D056E2DF21B633130088F6BB /* DemoAppDelegate_image.h */,
				D056E2DE21B633130088F6BB /* DemoAppDelegate_image.m */,
			);
			path = MDModuleManagerDemo_image;
			sourceTree = "<group>";
		};
		D056E2E121B64BF30088F6BB /* ViewControllers */ = {
			isa = PBXGroup;
			children = (
				D056E2EA21B653650088F6BB /* ViewControllers */,
				D056E2E921B6533F0088F6BB /* Process1 */,
				D056E2EB21B653710088F6BB /* Process2 */,
				D056E2E821B64E8B0088F6BB /* home */,
			);
			path = ViewControllers;
			sourceTree = "<group>";
		};
		D056E2E821B64E8B0088F6BB /* home */ = {
			isa = PBXGroup;
			children = (
				D056E2E221B64E4D0088F6BB /* MDMMImageHomeViewController.h */,
				D056E2E321B64E4D0088F6BB /* MDMMImageHomeViewController.m */,
				D056E2E521B64E820088F6BB /* MDMMImageModuleManager.h */,
				D056E2E621B64E820088F6BB /* MDMMImageModuleManager.m */,
			);
			path = home;
			sourceTree = "<group>";
		};
		D056E2E921B6533F0088F6BB /* Process1 */ = {
			isa = PBXGroup;
			children = (
				D056E2EF21B656850088F6BB /* MDMMImageProcess1.h */,
				D056E2F021B656850088F6BB /* MDMMImageProcess1.m */,
			);
			path = Process1;
			sourceTree = "<group>";
		};
		D056E2EA21B653650088F6BB /* ViewControllers */ = {
			isa = PBXGroup;
			children = (
				D056E2EC21B653AE0088F6BB /* MDMMImageCutViewController.h */,
				D056E2ED21B653AE0088F6BB /* MDMMImageCutViewController.m */,
			);
			path = ViewControllers;
			sourceTree = "<group>";
		};
		D056E2EB21B653710088F6BB /* Process2 */ = {
			isa = PBXGroup;
			children = (
			);
			path = Process2;
			sourceTree = "<group>";
		};
		D0DBC0CF1F8B80CF0035BFA0 = {
			isa = PBXGroup;
			children = (
				D0DBC10B1F8B80FB0035BFA0 /* MDTools */,
				D0DBC0DA1F8B80CF0035BFA0 /* MDToolsDemo */,
				D0DBC0F31F8B80CF0035BFA0 /* MDToolsDemoTests */,
				D0DBC0D91F8B80CF0035BFA0 /* Products */,
				BBDD56C7655F5B536BE00A6F /* Frameworks */,
			);
			sourceTree = "<group>";
		};
		D0DBC0D91F8B80CF0035BFA0 /* Products */ = {
			isa = PBXGroup;
			children = (
				D0DBC0D81F8B80CF0035BFA0 /* MDToolsDemo.app */,
				D0DBC0F01F8B80CF0035BFA0 /* MDToolsDemoTests.xctest */,
			);
			name = Products;
			sourceTree = "<group>";
		};
		D0DBC0DA1F8B80CF0035BFA0 /* MDToolsDemo */ = {
			isa = PBXGroup;
			children = (
				D056E2DD21B632350088F6BB /* MDModuleManagerDemo_image */,
				D056E2C021B52F670088F6BB /* MDModuleManagerDemo */,
				D0DBC0E41F8B80CF0035BFA0 /* Assets.xcassets */,
				D0DBC0E61F8B80CF0035BFA0 /* LaunchScreen.storyboard */,
				D0DBC0E91F8B80CF0035BFA0 /* Info.plist */,
				D0DBC0EA1F8B80CF0035BFA0 /* main.m */,
			);
			path = MDToolsDemo;
			sourceTree = "<group>";
		};
		D0DBC0F31F8B80CF0035BFA0 /* MDToolsDemoTests */ = {
			isa = PBXGroup;
			children = (
				D056E2B021B528E10088F6BB /* MDAspects */,
				D056E2A921B525E50088F6BB /* MDProtocolImplementation */,
				D0DBC1041F8B80F40035BFA0 /* MDListener */,
				D0DBC0FF1F8B80F40035BFA0 /* MDTask */,
				D0DBC0F61F8B80CF0035BFA0 /* Info.plist */,
			);
			path = MDToolsDemoTests;
			sourceTree = "<group>";
		};
		D0DBC0FF1F8B80F40035BFA0 /* MDTask */ = {
			isa = PBXGroup;
			children = (
				D0DBC1001F8B80F40035BFA0 /* TMDTask.m */,
				D0DBC1011F8B80F40035BFA0 /* TMDTaskCancel.m */,
				D0DBC1021F8B80F40035BFA0 /* TMDTaskRetry.m */,
				D0DBC1031F8B80F40035BFA0 /* TMDTasks.m */,
			);
			path = MDTask;
			sourceTree = "<group>";
		};
		D0DBC1041F8B80F40035BFA0 /* MDListener */ = {
			isa = PBXGroup;
			children = (
				D0DBC1051F8B80F40035BFA0 /* TMDListener.m */,
			);
			path = MDListener;
			sourceTree = "<group>";
		};
		D0DBC10B1F8B80FB0035BFA0 /* MDTools */ = {
			isa = PBXGroup;
			children = (
				D056E2B621B52E350088F6BB /* MDModuleManager */,
				D056E29F21B525070088F6BB /* MDAspects */,
				B84E041E218AAC730092FD1C /* MDProtocolImplementation */,
				D0DBC10C1F8B80FB0035BFA0 /* MDListener */,
				D0DBC10F1F8B80FB0035BFA0 /* MDTask */,
			);
			path = MDTools;
			sourceTree = "<group>";
		};
		D0DBC10C1F8B80FB0035BFA0 /* MDListener */ = {
			isa = PBXGroup;
			children = (
				D0DBC10D1F8B80FB0035BFA0 /* MDListener.h */,
				D0DBC10E1F8B80FB0035BFA0 /* MDListener.m */,
			);
			path = MDListener;
			sourceTree = "<group>";
		};
		D0DBC10F1F8B80FB0035BFA0 /* MDTask */ = {
			isa = PBXGroup;
			children = (
				D0DBC1101F8B80FB0035BFA0 /* MDTask.h */,
				D0DBC1111F8B80FB0035BFA0 /* MDTask.m */,
				D0DBC1121F8B80FB0035BFA0 /* MDTasks.h */,
				D0DBC1131F8B80FB0035BFA0 /* NSArray+MDTask.h */,
				D0DBC1141F8B80FB0035BFA0 /* NSArray+MDTask.m */,
				D0DBC1151F8B80FB0035BFA0 /* NSDictionary+MDTask.h */,
				D0DBC1161F8B80FB0035BFA0 /* NSDictionary+MDTask.m */,
				D0DBC1171F8B80FB0035BFA0 /* NSSet+MDTask.h */,
				D0DBC1181F8B80FB0035BFA0 /* NSSet+MDTask.m */,
			);
			path = MDTask;
			sourceTree = "<group>";
		};
/* End PBXGroup section */

/* Begin PBXNativeTarget section */
		D0DBC0D71F8B80CF0035BFA0 /* MDToolsDemo */ = {
			isa = PBXNativeTarget;
			buildConfigurationList = D0DBC0F91F8B80CF0035BFA0 /* Build configuration list for PBXNativeTarget "MDToolsDemo" */;
			buildPhases = (
				D0DBC0D41F8B80CF0035BFA0 /* Sources */,
				D0DBC0D51F8B80CF0035BFA0 /* Frameworks */,
				D0DBC0D61F8B80CF0035BFA0 /* Resources */,
			);
			buildRules = (
			);
			dependencies = (
			);
			name = MDToolsDemo;
			productName = MDToolsDemo;
			productReference = D0DBC0D81F8B80CF0035BFA0 /* MDToolsDemo.app */;
			productType = "com.apple.product-type.application";
		};
		D0DBC0EF1F8B80CF0035BFA0 /* MDToolsDemoTests */ = {
			isa = PBXNativeTarget;
			buildConfigurationList = D0DBC0FC1F8B80CF0035BFA0 /* Build configuration list for PBXNativeTarget "MDToolsDemoTests" */;
			buildPhases = (
				D0DBC0EC1F8B80CF0035BFA0 /* Sources */,
				D0DBC0ED1F8B80CF0035BFA0 /* Frameworks */,
				D0DBC0EE1F8B80CF0035BFA0 /* Resources */,
			);
			buildRules = (
			);
			dependencies = (
				D0DBC0F21F8B80CF0035BFA0 /* PBXTargetDependency */,
			);
			name = MDToolsDemoTests;
			productName = MDToolsDemoTests;
			productReference = D0DBC0F01F8B80CF0035BFA0 /* MDToolsDemoTests.xctest */;
			productType = "com.apple.product-type.bundle.unit-test";
		};
/* End PBXNativeTarget section */

/* Begin PBXProject section */
		D0DBC0D01F8B80CF0035BFA0 /* Project object */ = {
			isa = PBXProject;
			attributes = {
				LastUpgradeCheck = 0900;
				ORGANIZATIONNAME = Larkin;
				TargetAttributes = {
					D0DBC0D71F8B80CF0035BFA0 = {
						CreatedOnToolsVersion = 9.0;
						ProvisioningStyle = Automatic;
					};
					D0DBC0EF1F8B80CF0035BFA0 = {
						CreatedOnToolsVersion = 9.0;
						ProvisioningStyle = Automatic;
						TestTargetID = D0DBC0D71F8B80CF0035BFA0;
					};
				};
			};
			buildConfigurationList = D0DBC0D31F8B80CF0035BFA0 /* Build configuration list for PBXProject "MDToolsDemo" */;
			compatibilityVersion = "Xcode 8.0";
			developmentRegion = en;
			hasScannedForEncodings = 0;
			knownRegions = (
				en,
				Base,
			);
			mainGroup = D0DBC0CF1F8B80CF0035BFA0;
			productRefGroup = D0DBC0D91F8B80CF0035BFA0 /* Products */;
			projectDirPath = "";
			projectRoot = "";
			targets = (
				D0DBC0D71F8B80CF0035BFA0 /* MDToolsDemo */,
				D0DBC0EF1F8B80CF0035BFA0 /* MDToolsDemoTests */,
			);
		};
/* End PBXProject section */

/* Begin PBXResourcesBuildPhase section */
		D0DBC0D61F8B80CF0035BFA0 /* Resources */ = {
			isa = PBXResourcesBuildPhase;
			buildActionMask = 2147483647;
			files = (
				D0DBC0E81F8B80CF0035BFA0 /* LaunchScreen.storyboard in Resources */,
				D0DBC0E51F8B80CF0035BFA0 /* Assets.xcassets in Resources */,
			);
			runOnlyForDeploymentPostprocessing = 0;
		};
		D0DBC0EE1F8B80CF0035BFA0 /* Resources */ = {
			isa = PBXResourcesBuildPhase;
			buildActionMask = 2147483647;
			files = (
			);
			runOnlyForDeploymentPostprocessing = 0;
		};
/* End PBXResourcesBuildPhase section */

/* Begin PBXSourcesBuildPhase section */
		D0DBC0D41F8B80CF0035BFA0 /* Sources */ = {
			isa = PBXSourcesBuildPhase;
			buildActionMask = 2147483647;
			files = (
				D056E2E421B64E4D0088F6BB /* MDMMImageHomeViewController.m in Sources */,
				D056E2DB21B535A10088F6BB /* MDModuleManager.m in Sources */,
				D056E2DC21B535A10088F6BB /* UIViewController+ModuleManager.m in Sources */,
				D056E2A621B525080088F6BB /* NSInvocation+Block.m in Sources */,
				B812B9BE218AAA5300D3E6F8 /* MDProtocolImplementation.m in Sources */,
				D056E2CF21B52F860088F6BB /* DemoViewController.m in Sources */,
				D056E2CE21B52F860088F6BB /* DemoModuleManager.m in Sources */,
				D056E2D021B52F860088F6BB /* DemoView.m in Sources */,
				D056E2E721B64E820088F6BB /* MDMMImageModuleManager.m in Sources */,
				D056E2A821B525080088F6BB /* NSObject+Aspects.m in Sources */,
				D0DBC0EB1F8B80CF0035BFA0 /* main.m in Sources */,
				D056E2EE21B653AE0088F6BB /* MDMMImageCutViewController.m in Sources */,
				D056E2F121B656850088F6BB /* MDMMImageProcess1.m in Sources */,
				D056E2E021B633130088F6BB /* DemoAppDelegate_image.m in Sources */,
				D056E2CD21B52F860088F6BB /* DemoAppDelegate.m in Sources */,
				D056E2A721B525080088F6BB /* MDAspects.m in Sources */,
			);
			runOnlyForDeploymentPostprocessing = 0;
		};
		D0DBC0EC1F8B80CF0035BFA0 /* Sources */ = {
			isa = PBXSourcesBuildPhase;
			buildActionMask = 2147483647;
			files = (
				D0DBC1091F8B80F40035BFA0 /* TMDTasks.m in Sources */,
				D056E2AE21B526450088F6BB /* TMDProtocolImplementation_protocol.m in Sources */,
				D056E2AB21B526200088F6BB /* TMDProtocolImplementation.m in Sources */,
				D0DBC11D1F8B80FB0035BFA0 /* NSSet+MDTask.m in Sources */,
				D0DBC11A1F8B80FB0035BFA0 /* MDTask.m in Sources */,
				D0DBC11B1F8B80FB0035BFA0 /* NSArray+MDTask.m in Sources */,
				D056E2BB21B52E350088F6BB /* MDModuleManager.m in Sources */,
				D0DBC10A1F8B80F40035BFA0 /* TMDListener.m in Sources */,
				D056E2BC21B52E350088F6BB /* UIViewController+ModuleManager.m in Sources */,
				D0DBC1081F8B80F40035BFA0 /* TMDTaskRetry.m in Sources */,
				D0DBC1071F8B80F40035BFA0 /* TMDTaskCancel.m in Sources */,
				D0DBC1191F8B80FB0035BFA0 /* MDListener.m in Sources */,
				D056E2B521B529B00088F6BB /* TMDAspects_testObject.m in Sources */,
				D056E2B221B528F70088F6BB /* TMDAspects.m in Sources */,
				D0DBC11C1F8B80FB0035BFA0 /* NSDictionary+MDTask.m in Sources */,
				D0DBC1061F8B80F40035BFA0 /* TMDTask.m in Sources */,
			);
			runOnlyForDeploymentPostprocessing = 0;
		};
/* End PBXSourcesBuildPhase section */

/* Begin PBXTargetDependency section */
		D0DBC0F21F8B80CF0035BFA0 /* PBXTargetDependency */ = {
			isa = PBXTargetDependency;
			target = D0DBC0D71F8B80CF0035BFA0 /* MDToolsDemo */;
			targetProxy = D0DBC0F11F8B80CF0035BFA0 /* PBXContainerItemProxy */;
		};
/* End PBXTargetDependency section */

/* Begin PBXVariantGroup section */
		D0DBC0E61F8B80CF0035BFA0 /* LaunchScreen.storyboard */ = {
			isa = PBXVariantGroup;
			children = (
				D0DBC0E71F8B80CF0035BFA0 /* Base */,
			);
			name = LaunchScreen.storyboard;
			sourceTree = "<group>";
		};
/* End PBXVariantGroup section */

/* Begin XCBuildConfiguration section */
		D0DBC0F71F8B80CF0035BFA0 /* Debug */ = {
			isa = XCBuildConfiguration;
			buildSettings = {
				ALWAYS_SEARCH_USER_PATHS = YES;
				CLANG_ANALYZER_NONNULL = YES;
				CLANG_ANALYZER_NUMBER_OBJECT_CONVERSION = YES_AGGRESSIVE;
				CLANG_CXX_LANGUAGE_STANDARD = "gnu++14";
				CLANG_CXX_LIBRARY = "libc++";
				CLANG_ENABLE_MODULES = YES;
				CLANG_ENABLE_OBJC_ARC = YES;
				CLANG_WARN_BLOCK_CAPTURE_AUTORELEASING = YES;
				CLANG_WARN_BOOL_CONVERSION = YES;
				CLANG_WARN_COMMA = YES;
				CLANG_WARN_CONSTANT_CONVERSION = YES;
				CLANG_WARN_DIRECT_OBJC_ISA_USAGE = YES_ERROR;
				CLANG_WARN_DOCUMENTATION_COMMENTS = YES;
				CLANG_WARN_EMPTY_BODY = YES;
				CLANG_WARN_ENUM_CONVERSION = YES;
				CLANG_WARN_INFINITE_RECURSION = YES;
				CLANG_WARN_INT_CONVERSION = YES;
				CLANG_WARN_NON_LITERAL_NULL_CONVERSION = YES;
				CLANG_WARN_OBJC_LITERAL_CONVERSION = YES;
				CLANG_WARN_OBJC_ROOT_CLASS = YES_ERROR;
				CLANG_WARN_RANGE_LOOP_ANALYSIS = YES;
				CLANG_WARN_STRICT_PROTOTYPES = YES;
				CLANG_WARN_SUSPICIOUS_MOVE = YES;
				CLANG_WARN_UNGUARDED_AVAILABILITY = YES_AGGRESSIVE;
				CLANG_WARN_UNREACHABLE_CODE = YES;
				CLANG_WARN__DUPLICATE_METHOD_MATCH = YES;
				CODE_SIGN_IDENTITY = "iPhone Developer";
				COPY_PHASE_STRIP = NO;
				DEBUG_INFORMATION_FORMAT = dwarf;
				ENABLE_STRICT_OBJC_MSGSEND = YES;
				ENABLE_TESTABILITY = YES;
				GCC_C_LANGUAGE_STANDARD = gnu11;
				GCC_DYNAMIC_NO_PIC = NO;
				GCC_NO_COMMON_BLOCKS = YES;
				GCC_OPTIMIZATION_LEVEL = 0;
				GCC_PREPROCESSOR_DEFINITIONS = (
					"DEBUG=1",
					"$(inherited)",
				);
				GCC_WARN_64_TO_32_BIT_CONVERSION = YES;
				GCC_WARN_ABOUT_RETURN_TYPE = YES_ERROR;
				GCC_WARN_UNDECLARED_SELECTOR = YES;
				GCC_WARN_UNINITIALIZED_AUTOS = YES_AGGRESSIVE;
				GCC_WARN_UNUSED_FUNCTION = YES;
				GCC_WARN_UNUSED_VARIABLE = YES;
				IPHONEOS_DEPLOYMENT_TARGET = 11.0;
				MTL_ENABLE_DEBUG_INFO = YES;
				ONLY_ACTIVE_ARCH = YES;
				SDKROOT = iphoneos;
			};
			name = Debug;
		};
		D0DBC0F81F8B80CF0035BFA0 /* Release */ = {
			isa = XCBuildConfiguration;
			buildSettings = {
				ALWAYS_SEARCH_USER_PATHS = YES;
				CLANG_ANALYZER_NONNULL = YES;
				CLANG_ANALYZER_NUMBER_OBJECT_CONVERSION = YES_AGGRESSIVE;
				CLANG_CXX_LANGUAGE_STANDARD = "gnu++14";
				CLANG_CXX_LIBRARY = "libc++";
				CLANG_ENABLE_MODULES = YES;
				CLANG_ENABLE_OBJC_ARC = YES;
				CLANG_WARN_BLOCK_CAPTURE_AUTORELEASING = YES;
				CLANG_WARN_BOOL_CONVERSION = YES;
				CLANG_WARN_COMMA = YES;
				CLANG_WARN_CONSTANT_CONVERSION = YES;
				CLANG_WARN_DIRECT_OBJC_ISA_USAGE = YES_ERROR;
				CLANG_WARN_DOCUMENTATION_COMMENTS = YES;
				CLANG_WARN_EMPTY_BODY = YES;
				CLANG_WARN_ENUM_CONVERSION = YES;
				CLANG_WARN_INFINITE_RECURSION = YES;
				CLANG_WARN_INT_CONVERSION = YES;
				CLANG_WARN_NON_LITERAL_NULL_CONVERSION = YES;
				CLANG_WARN_OBJC_LITERAL_CONVERSION = YES;
				CLANG_WARN_OBJC_ROOT_CLASS = YES_ERROR;
				CLANG_WARN_RANGE_LOOP_ANALYSIS = YES;
				CLANG_WARN_STRICT_PROTOTYPES = YES;
				CLANG_WARN_SUSPICIOUS_MOVE = YES;
				CLANG_WARN_UNGUARDED_AVAILABILITY = YES_AGGRESSIVE;
				CLANG_WARN_UNREACHABLE_CODE = YES;
				CLANG_WARN__DUPLICATE_METHOD_MATCH = YES;
				CODE_SIGN_IDENTITY = "iPhone Developer";
				COPY_PHASE_STRIP = NO;
				DEBUG_INFORMATION_FORMAT = "dwarf-with-dsym";
				ENABLE_NS_ASSERTIONS = NO;
				ENABLE_STRICT_OBJC_MSGSEND = YES;
				GCC_C_LANGUAGE_STANDARD = gnu11;
				GCC_NO_COMMON_BLOCKS = YES;
				GCC_WARN_64_TO_32_BIT_CONVERSION = YES;
				GCC_WARN_ABOUT_RETURN_TYPE = YES_ERROR;
				GCC_WARN_UNDECLARED_SELECTOR = YES;
				GCC_WARN_UNINITIALIZED_AUTOS = YES_AGGRESSIVE;
				GCC_WARN_UNUSED_FUNCTION = YES;
				GCC_WARN_UNUSED_VARIABLE = YES;
				IPHONEOS_DEPLOYMENT_TARGET = 11.0;
				MTL_ENABLE_DEBUG_INFO = NO;
				SDKROOT = iphoneos;
				VALIDATE_PRODUCT = YES;
			};
			name = Release;
		};
		D0DBC0FA1F8B80CF0035BFA0 /* Debug */ = {
			isa = XCBuildConfiguration;
			buildSettings = {
				ASSETCATALOG_COMPILER_APPICON_NAME = AppIcon;
				CODE_SIGN_STYLE = Automatic;
				DEVELOPMENT_TEAM = R6742XH2VZ;
				INFOPLIST_FILE = MDToolsDemo/Info.plist;
				LD_RUNPATH_SEARCH_PATHS = "$(inherited) @executable_path/Frameworks";
				PRODUCT_BUNDLE_IDENTIFIER = Larkin.MDToolsDemo;
				PRODUCT_NAME = "$(TARGET_NAME)";
				TARGETED_DEVICE_FAMILY = "1,2";
			};
			name = Debug;
		};
		D0DBC0FB1F8B80CF0035BFA0 /* Release */ = {
			isa = XCBuildConfiguration;
			buildSettings = {
				ASSETCATALOG_COMPILER_APPICON_NAME = AppIcon;
				CODE_SIGN_STYLE = Automatic;
				DEVELOPMENT_TEAM = R6742XH2VZ;
				INFOPLIST_FILE = MDToolsDemo/Info.plist;
				LD_RUNPATH_SEARCH_PATHS = "$(inherited) @executable_path/Frameworks";
				PRODUCT_BUNDLE_IDENTIFIER = Larkin.MDToolsDemo;
				PRODUCT_NAME = "$(TARGET_NAME)";
				TARGETED_DEVICE_FAMILY = "1,2";
			};
			name = Release;
		};
		D0DBC0FD1F8B80CF0035BFA0 /* Debug */ = {
			isa = XCBuildConfiguration;
			buildSettings = {
				BUNDLE_LOADER = "$(TEST_HOST)";
				CODE_SIGN_STYLE = Automatic;
				DEVELOPMENT_TEAM = 7649935W39;
				INFOPLIST_FILE = MDToolsDemoTests/Info.plist;
				LD_RUNPATH_SEARCH_PATHS = "$(inherited) @executable_path/Frameworks @loader_path/Frameworks";
				PRODUCT_BUNDLE_IDENTIFIER = Larkin.MDToolsDemoTests;
				PRODUCT_NAME = "$(TARGET_NAME)";
				TARGETED_DEVICE_FAMILY = "1,2";
				TEST_HOST = "$(BUILT_PRODUCTS_DIR)/MDToolsDemo.app/MDToolsDemo";
			};
			name = Debug;
		};
		D0DBC0FE1F8B80CF0035BFA0 /* Release */ = {
			isa = XCBuildConfiguration;
			buildSettings = {
				BUNDLE_LOADER = "$(TEST_HOST)";
				CODE_SIGN_STYLE = Automatic;
				DEVELOPMENT_TEAM = 7649935W39;
				INFOPLIST_FILE = MDToolsDemoTests/Info.plist;
				LD_RUNPATH_SEARCH_PATHS = "$(inherited) @executable_path/Frameworks @loader_path/Frameworks";
				PRODUCT_BUNDLE_IDENTIFIER = Larkin.MDToolsDemoTests;
				PRODUCT_NAME = "$(TARGET_NAME)";
				TARGETED_DEVICE_FAMILY = "1,2";
				TEST_HOST = "$(BUILT_PRODUCTS_DIR)/MDToolsDemo.app/MDToolsDemo";
			};
			name = Release;
		};
/* End XCBuildConfiguration section */

/* Begin XCConfigurationList section */
		D0DBC0D31F8B80CF0035BFA0 /* Build configuration list for PBXProject "MDToolsDemo" */ = {
			isa = XCConfigurationList;
			buildConfigurations = (
				D0DBC0F71F8B80CF0035BFA0 /* Debug */,
				D0DBC0F81F8B80CF0035BFA0 /* Release */,
			);
			defaultConfigurationIsVisible = 0;
			defaultConfigurationName = Release;
		};
		D0DBC0F91F8B80CF0035BFA0 /* Build configuration list for PBXNativeTarget "MDToolsDemo" */ = {
			isa = XCConfigurationList;
			buildConfigurations = (
				D0DBC0FA1F8B80CF0035BFA0 /* Debug */,
				D0DBC0FB1F8B80CF0035BFA0 /* Release */,
			);
			defaultConfigurationIsVisible = 0;
			defaultConfigurationName = Release;
		};
		D0DBC0FC1F8B80CF0035BFA0 /* Build configuration list for PBXNativeTarget "MDToolsDemoTests" */ = {
			isa = XCConfigurationList;
			buildConfigurations = (
				D0DBC0FD1F8B80CF0035BFA0 /* Debug */,
				D0DBC0FE1F8B80CF0035BFA0 /* Release */,
			);
			defaultConfigurationIsVisible = 0;
			defaultConfigurationName = Release;
		};
/* End XCConfigurationList section */
	};
	rootObject = D0DBC0D01F8B80CF0035BFA0 /* Project object */;
}
