PODS:
  - Aspects (1.4.1)
  - FBAllocationTracker (0.1.5)
  - FBRetainCycleDetector (0.1.4)
  - hiredis (0.11.0)
  - MBProgressHUD (1.1.0)
  - MDTools (0.2.2):
    - MDTools/MDCommonDefines (= 0.2.2)
    - MDTools/MDFBRetainCycleDetector (= 0.2.2)
    - MDTools/MDGCDTimer (= 0.2.2)
    - MDTools/MDKeyValueCache (= 0.2.2)
    - MDTools/MDListener (= 0.2.2)
    - MDTools/MDLock (= 0.2.2)
    - MDTools/MDModuleManager (= 0.2.2)
    - MDTools/MDObjectCacher (= 0.2.2)
    - MDTools/MDProtocolImplementation (= 0.2.2)
    - MDTools/MDRedisClient (= 0.2.2)
    - MDTools/MDTask (= 0.2.2)
    - MDTools/MDUI (= 0.2.2)
    - MDTools/MDUtils (= 0.2.2)
  - MDTools/MDCommonDefines (0.2.2)
  - MDTools/MDFBRetainCycleDetector (0.2.2):
    - FBAllocationTracker
    - FBRetainCycleDetector
  - MDTools/MDGCDTimer (0.2.2):
    - MDTools/MDCommonDefines
  - MDTools/MDKeyValueCache (0.2.2):
    - MDTools/MDLock
  - MDTools/MDListener (0.2.2)
  - MDTools/MDLock (0.2.2)
  - MDTools/MDModuleManager (0.2.2):
    - Aspects (~> 1.4.1)
    - MDTools/MDProtocolImplementation
  - MDTools/MDObjectCacher (0.2.2):
    - MDTools/MDCommonDefines
  - MDTools/MDProtocolImplementation (0.2.2)
  - MDTools/MDRedisClient (0.2.2):
    - hiredis
    - MDTools/MDCommonDefines
  - MDTools/MDTask (0.2.2)
  - MDTools/MDUI (0.2.2):
    - MDTools/MDUI/MDLockSlider (= 0.2.2)
    - MDTools/MDUI/MDUtils (= 0.2.2)
  - MDTools/MDUI/MDLockSlider (0.2.2)
  - MDTools/MDUI/MDUtils (0.2.2):
    - Aspects
    - MBProgressHUD (~> 1.1.0)
    - MDTools/MDCommonDefines
    - MDTools/MDListener
  - MDTools/MDUtils (0.2.2):
    - YYCategories (~> 1.0.4)
  - YYCategories (1.0.4):
    - YYCategories/no-arc (= 1.0.4)
  - YYCategories/no-arc (1.0.4)

DEPENDENCIES:
  - MDTools (from `../`)

SPEC REPOS:
  trunk:
    - Aspects
    - FBAllocationTracker
    - FBRetainCycleDetector
    - hiredis
    - MBProgressHUD
    - YYCategories

EXTERNAL SOURCES:
  MDTools:
    :path: "../"

SPEC CHECKSUMS:
  Aspects: 7595ba96a6727a58ebcbfc954497fc5d2fdde546
  FBAllocationTracker: dfdca3f71aceca6a85e95e3c6ec76a9785eba0f1
  FBRetainCycleDetector: 46f8179bbb1c587deee3ea838a1a3ee02acf5015
  hiredis: 4b90f93ecaf862d2866a71903f614623c5b93eaa
  MBProgressHUD: e7baa36a220447d8aeb12769bf0585582f3866d9
  MDTools: efd98c4b1f4da3380cd4ef00a4dc6c7a3c6f35e5
  YYCategories: 6bcd4314c6661a561410dce4a793379ebd306abd

PODFILE CHECKSUM: 8f701a13f0f16c997b5277f11c6d2548ff7a48cd

COCOAPODS: 1.10.0
